
Microsoft Visual Studio Solution File, Format Version 12.00
# Visual Studio Version 16
VisualStudioVersion = 16.0.29009.5
MinimumVisualStudioVersion = 10.0.40219.1
Project("{FAE04EC0-301F-11D3-BF4B-00C04F79EFBC}") = "MyShop.Core", "MyShop.Core\MyShop.Core.csproj", "{5BBE1D21-25F3-405B-BA61-89BD30F449AA}"
EndProject
Project("{FAE04EC0-301F-11D3-BF4B-00C04F79EFBC}") = "MyShop.Services", "MyShop.Services\MyShop.Services.csproj", "{70CD7634-BE99-460F-83B9-8541B4E1333D}"
EndProject
Project("{FAE04EC0-301F-11D3-BF4B-00C04F79EFBC}") = "MyShop.DataAccess.SQL", "MyShop.DataAccess.SQL\MyShop.DataAccess.SQL.csproj", "{1B0DC418-61EE-4F3E-86BE-B4436BBB8978}"
EndProject
Project("{FAE04EC0-301F-11D3-BF4B-00C04F79EFBC}") = "MyShop.DataAccess.InMemory", "MyShop.DataAccess.InMemory\MyShop.DataAccess.InMemory.csproj", "{CA7269DF-FE06-4CA2-8B77-C49E44B88F73}"
EndProject
Project("{FAE04EC0-301F-11D3-BF4B-00C04F79EFBC}") = "MyShop.WebUI", "MyShop.WebUI\MyShop.WebUI.csproj", "{6E927E84-F10D-4F3B-B9BE-45E461F25DB9}"
EndProject
Project("{FAE04EC0-301F-11D3-BF4B-00C04F79EFBC}") = "MyShop.WebUI.Tests", "MyShop.WebUI.Tests\MyShop.WebUI.Tests.csproj", "{C6180EF4-3AB6-42C8-80BD-5CA0E91B9EEF}"
EndProject
Global
	GlobalSection(SolutionConfigurationPlatforms) = preSolution
		Debug|Any CPU = Debug|Any CPU
		Release|Any CPU = Release|Any CPU
	EndGlobalSection
	GlobalSection(ProjectConfigurationPlatforms) = postSolution
		{5BBE1D21-25F3-405B-BA61-89BD30F449AA}.Debug|Any CPU.ActiveCfg = Debug|Any CPU
		{5BBE1D21-25F3-405B-BA61-89BD30F449AA}.Debug|Any CPU.Build.0 = Debug|Any CPU
		{5BBE1D21-25F3-405B-BA61-89BD30F449AA}.Release|Any CPU.ActiveCfg = Release|Any CPU
		{5BBE1D21-25F3-405B-BA61-89BD30F449AA}.Release|Any CPU.Build.0 = Release|Any CPU
		{70CD7634-BE99-460F-83B9-8541B4E1333D}.Debug|Any CPU.ActiveCfg = Debug|Any CPU
		{70CD7634-BE99-460F-83B9-8541B4E1333D}.Debug|Any CPU.Build.0 = Debug|Any CPU
		{70CD7634-BE99-460F-83B9-8541B4E1333D}.Release|Any CPU.ActiveCfg = Release|Any CPU
		{70CD7634-BE99-460F-83B9-8541B4E1333D}.Release|Any CPU.Build.0 = Release|Any CPU
		{1B0DC418-61EE-4F3E-86BE-B4436BBB8978}.Debug|Any CPU.ActiveCfg = Debug|Any CPU
		{1B0DC418-61EE-4F3E-86BE-B4436BBB8978}.Debug|Any CPU.Build.0 = Debug|Any CPU
		{1B0DC418-61EE-4F3E-86BE-B4436BBB8978}.Release|Any CPU.ActiveCfg = Release|Any CPU
		{1B0DC418-61EE-4F3E-86BE-B4436BBB8978}.Release|Any CPU.Build.0 = Release|Any CPU
		{CA7269DF-FE06-4CA2-8B77-C49E44B88F73}.Debug|Any CPU.ActiveCfg = Debug|Any CPU
		{CA7269DF-FE06-4CA2-8B77-C49E44B88F73}.Debug|Any CPU.Build.0 = Debug|Any CPU
		{CA7269DF-FE06-4CA2-8B77-C49E44B88F73}.Release|Any CPU.ActiveCfg = Release|Any CPU
		{CA7269DF-FE06-4CA2-8B77-C49E44B88F73}.Release|Any CPU.Build.0 = Release|Any CPU
		{6E927E84-F10D-4F3B-B9BE-45E461F25DB9}.Debug|Any CPU.ActiveCfg = Debug|Any CPU
		{6E927E84-F10D-4F3B-B9BE-45E461F25DB9}.Debug|Any CPU.Build.0 = Debug|Any CPU
		{6E927E84-F10D-4F3B-B9BE-45E461F25DB9}.Release|Any CPU.ActiveCfg = Release|Any CPU
		{6E927E84-F10D-4F3B-B9BE-45E461F25DB9}.Release|Any CPU.Build.0 = Release|Any CPU
		{C6180EF4-3AB6-42C8-80BD-5CA0E91B9EEF}.Debug|Any CPU.ActiveCfg = Debug|Any CPU
		{C6180EF4-3AB6-42C8-80BD-5CA0E91B9EEF}.Debug|Any CPU.Build.0 = Debug|Any CPU
		{C6180EF4-3AB6-42C8-80BD-5CA0E91B9EEF}.Release|Any CPU.ActiveCfg = Release|Any CPU
		{C6180EF4-3AB6-42C8-80BD-5CA0E91B9EEF}.Release|Any CPU.Build.0 = Release|Any CPU
	EndGlobalSection
	GlobalSection(SolutionProperties) = preSolution
		HideSolutionNode = FALSE
	EndGlobalSection
	GlobalSection(ExtensibilityGlobals) = postSolution
		SolutionGuid = {994C297C-68A4-411E-A8DD-7F800AB7391D}
	EndGlobalSection
EndGlobal
